// !$*UTF8*$!
{
	archiveVersion = 1;
	classes = {
	};
	objectVersion = 56;
	objects = {

/* Begin PBXBuildFile section */
		303426ED2ABC776600376084 /* CategoryModel.swift in Sources */ = {isa = PBXBuildFile; fileRef = 303426EC2ABC776600376084 /* CategoryModel.swift */; };
		303426EF2ABC789600376084 /* CategoryItemView.swift in Sources */ = {isa = PBXBuildFile; fileRef = 303426EE2ABC789600376084 /* CategoryItemView.swift */; };
		303426F12ABC7A5A00376084 /* CategoryGridView.swift in Sources */ = {isa = PBXBuildFile; fileRef = 303426F02ABC7A5A00376084 /* CategoryGridView.swift */; };
		303426F32ABC7C0000376084 /* SectionView.swift in Sources */ = {isa = PBXBuildFile; fileRef = 303426F22ABC7C0000376084 /* SectionView.swift */; };
		303426F52ABC7EC500376084 /* TitleView.swift in Sources */ = {isa = PBXBuildFile; fileRef = 303426F42ABC7EC400376084 /* TitleView.swift */; };
		303426F72ABC7F8800376084 /* ProductModel.swift in Sources */ = {isa = PBXBuildFile; fileRef = 303426F62ABC7F8800376084 /* ProductModel.swift */; };
		303426F92ABC802900376084 /* ProductItemView.swift in Sources */ = {isa = PBXBuildFile; fileRef = 303426F82ABC802900376084 /* ProductItemView.swift */; };
		303426FB2ABC83BA00376084 /* BrandModel.swift in Sources */ = {isa = PBXBuildFile; fileRef = 303426FA2ABC83BA00376084 /* BrandModel.swift */; };
		303426FD2ABC841100376084 /* BrandItemView.swift in Sources */ = {isa = PBXBuildFile; fileRef = 303426FC2ABC841100376084 /* BrandItemView.swift */; };
		303426FF2ABC84C700376084 /* BrandGridView.swift in Sources */ = {isa = PBXBuildFile; fileRef = 303426FE2ABC84C700376084 /* BrandGridView.swift */; };
		306337BE2ABC61C4008935BF /* TouchdownApp.swift in Sources */ = {isa = PBXBuildFile; fileRef = 306337BD2ABC61C4008935BF /* TouchdownApp.swift */; };
		306337C02ABC61C4008935BF /* ContentView.swift in Sources */ = {isa = PBXBuildFile; fileRef = 306337BF2ABC61C4008935BF /* ContentView.swift */; };
		306337C22ABC61C6008935BF /* Assets.xcassets in Resources */ = {isa = PBXBuildFile; fileRef = 306337C12ABC61C6008935BF /* Assets.xcassets */; };
		306337C52ABC61C6008935BF /* Preview Assets.xcassets in Resources */ = {isa = PBXBuildFile; fileRef = 306337C42ABC61C6008935BF /* Preview Assets.xcassets */; };
		306337CF2ABC62CA008935BF /* category.json in Resources */ = {isa = PBXBuildFile; fileRef = 306337CB2ABC62CA008935BF /* category.json */; };
		306337D02ABC62CA008935BF /* player.json in Resources */ = {isa = PBXBuildFile; fileRef = 306337CC2ABC62CA008935BF /* player.json */; };
		306337D12ABC62CA008935BF /* brand.json in Resources */ = {isa = PBXBuildFile; fileRef = 306337CD2ABC62CA008935BF /* brand.json */; };
		306337D22ABC62CA008935BF /* product.json in Resources */ = {isa = PBXBuildFile; fileRef = 306337CE2ABC62CA008935BF /* product.json */; };
		306337DD2ABC643D008935BF /* Constant.swift in Sources */ = {isa = PBXBuildFile; fileRef = 306337DC2ABC643D008935BF /* Constant.swift */; };
		306337DF2ABC6535008935BF /* FooterView.swift in Sources */ = {isa = PBXBuildFile; fileRef = 306337DE2ABC6535008935BF /* FooterView.swift */; };
		306337E12ABC68F2008935BF /* NavigationBarView.swift in Sources */ = {isa = PBXBuildFile; fileRef = 306337E02ABC68F2008935BF /* NavigationBarView.swift */; };
		306337E32ABC6A51008935BF /* LogoView.swift in Sources */ = {isa = PBXBuildFile; fileRef = 306337E22ABC6A51008935BF /* LogoView.swift */; };
		306337E52ABC702B008935BF /* PlayerModel.swift in Sources */ = {isa = PBXBuildFile; fileRef = 306337E42ABC702B008935BF /* PlayerModel.swift */; };
		306337E72ABC7076008935BF /* CodableBundleExtension.swift in Sources */ = {isa = PBXBuildFile; fileRef = 306337E62ABC7076008935BF /* CodableBundleExtension.swift */; };
		306337E92ABC729F008935BF /* FeatureItemView.swift in Sources */ = {isa = PBXBuildFile; fileRef = 306337E82ABC729F008935BF /* FeatureItemView.swift */; };
		306337EB2ABC731C008935BF /* FeaturedTabView.swift in Sources */ = {isa = PBXBuildFile; fileRef = 306337EA2ABC731C008935BF /* FeaturedTabView.swift */; };
/* End PBXBuildFile section */

/* Begin PBXFileReference section */
		303426EC2ABC776600376084 /* CategoryModel.swift */ = {isa = PBXFileReference; lastKnownFileType = sourcecode.swift; path = CategoryModel.swift; sourceTree = "<group>"; };
		303426EE2ABC789600376084 /* CategoryItemView.swift */ = {isa = PBXFileReference; lastKnownFileType = sourcecode.swift; path = CategoryItemView.swift; sourceTree = "<group>"; };
		303426F02ABC7A5A00376084 /* CategoryGridView.swift */ = {isa = PBXFileReference; lastKnownFileType = sourcecode.swift; path = CategoryGridView.swift; sourceTree = "<group>"; };
		303426F22ABC7C0000376084 /* SectionView.swift */ = {isa = PBXFileReference; lastKnownFileType = sourcecode.swift; path = SectionView.swift; sourceTree = "<group>"; };
		303426F42ABC7EC400376084 /* TitleView.swift */ = {isa = PBXFileReference; lastKnownFileType = sourcecode.swift; path = TitleView.swift; sourceTree = "<group>"; };
		303426F62ABC7F8800376084 /* ProductModel.swift */ = {isa = PBXFileReference; lastKnownFileType = sourcecode.swift; path = ProductModel.swift; sourceTree = "<group>"; };
		303426F82ABC802900376084 /* ProductItemView.swift */ = {isa = PBXFileReference; lastKnownFileType = sourcecode.swift; path = ProductItemView.swift; sourceTree = "<group>"; };
		303426FA2ABC83BA00376084 /* BrandModel.swift */ = {isa = PBXFileReference; lastKnownFileType = sourcecode.swift; path = BrandModel.swift; sourceTree = "<group>"; };
		303426FC2ABC841100376084 /* BrandItemView.swift */ = {isa = PBXFileReference; lastKnownFileType = sourcecode.swift; path = BrandItemView.swift; sourceTree = "<group>"; };
		303426FE2ABC84C700376084 /* BrandGridView.swift */ = {isa = PBXFileReference; lastKnownFileType = sourcecode.swift; path = BrandGridView.swift; sourceTree = "<group>"; };
		306337BA2ABC61C4008935BF /* Touchdown.app */ = {isa = PBXFileReference; explicitFileType = wrapper.application; includeInIndex = 0; path = Touchdown.app; sourceTree = BUILT_PRODUCTS_DIR; };
		306337BD2ABC61C4008935BF /* TouchdownApp.swift */ = {isa = PBXFileReference; lastKnownFileType = sourcecode.swift; path = TouchdownApp.swift; sourceTree = "<group>"; };
		306337BF2ABC61C4008935BF /* ContentView.swift */ = {isa = PBXFileReference; lastKnownFileType = sourcecode.swift; path = ContentView.swift; sourceTree = "<group>"; };
		306337C12ABC61C6008935BF /* Assets.xcassets */ = {isa = PBXFileReference; lastKnownFileType = folder.assetcatalog; path = Assets.xcassets; sourceTree = "<group>"; };
		306337C42ABC61C6008935BF /* Preview Assets.xcassets */ = {isa = PBXFileReference; lastKnownFileType = folder.assetcatalog; path = "Preview Assets.xcassets"; sourceTree = "<group>"; };
		306337CB2ABC62CA008935BF /* category.json */ = {isa = PBXFileReference; fileEncoding = 4; lastKnownFileType = text.json; path = category.json; sourceTree = "<group>"; };
		306337CC2ABC62CA008935BF /* player.json */ = {isa = PBXFileReference; fileEncoding = 4; lastKnownFileType = text.json; path = player.json; sourceTree = "<group>"; };
		306337CD2ABC62CA008935BF /* brand.json */ = {isa = PBXFileReference; fileEncoding = 4; lastKnownFileType = text.json; path = brand.json; sourceTree = "<group>"; };
		306337CE2ABC62CA008935BF /* product.json */ = {isa = PBXFileReference; fileEncoding = 4; lastKnownFileType = text.json; path = product.json; sourceTree = "<group>"; };
		306337D42ABC6344008935BF /* Info.plist */ = {isa = PBXFileReference; lastKnownFileType = text.plist; path = Info.plist; sourceTree = "<group>"; };
		306337DC2ABC643D008935BF /* Constant.swift */ = {isa = PBXFileReference; lastKnownFileType = sourcecode.swift; path = Constant.swift; sourceTree = "<group>"; };
		306337DE2ABC6535008935BF /* FooterView.swift */ = {isa = PBXFileReference; lastKnownFileType = sourcecode.swift; path = FooterView.swift; sourceTree = "<group>"; };
		306337E02ABC68F2008935BF /* NavigationBarView.swift */ = {isa = PBXFileReference; lastKnownFileType = sourcecode.swift; path = NavigationBarView.swift; sourceTree = "<group>"; };
		306337E22ABC6A51008935BF /* LogoView.swift */ = {isa = PBXFileReference; lastKnownFileType = sourcecode.swift; path = LogoView.swift; sourceTree = "<group>"; };
		306337E42ABC702B008935BF /* PlayerModel.swift */ = {isa = PBXFileReference; lastKnownFileType = sourcecode.swift; path = PlayerModel.swift; sourceTree = "<group>"; };
		306337E62ABC7076008935BF /* CodableBundleExtension.swift */ = {isa = PBXFileReference; lastKnownFileType = sourcecode.swift; path = CodableBundleExtension.swift; sourceTree = "<group>"; };
		306337E82ABC729F008935BF /* FeatureItemView.swift */ = {isa = PBXFileReference; lastKnownFileType = sourcecode.swift; path = FeatureItemView.swift; sourceTree = "<group>"; };
		306337EA2ABC731C008935BF /* FeaturedTabView.swift */ = {isa = PBXFileReference; lastKnownFileType = sourcecode.swift; path = FeaturedTabView.swift; sourceTree = "<group>"; };
/* End PBXFileReference section */

/* Begin PBXFrameworksBuildPhase section */
		306337B72ABC61C4008935BF /* Frameworks */ = {
			isa = PBXFrameworksBuildPhase;
			buildActionMask = 2147483647;
			files = (
			);
			runOnlyForDeploymentPostprocessing = 0;
		};
/* End PBXFrameworksBuildPhase section */

/* Begin PBXGroup section */
		306337B12ABC61C4008935BF = {
			isa = PBXGroup;
			children = (
				306337BC2ABC61C4008935BF /* Touchdown */,
				306337BB2ABC61C4008935BF /* Products */,
			);
			sourceTree = "<group>";
		};
		306337BB2ABC61C4008935BF /* Products */ = {
			isa = PBXGroup;
			children = (
				306337BA2ABC61C4008935BF /* Touchdown.app */,
			);
			name = Products;
			sourceTree = "<group>";
		};
		306337BC2ABC61C4008935BF /* Touchdown */ = {
			isa = PBXGroup;
			children = (
				306337D42ABC6344008935BF /* Info.plist */,
				306337D52ABC63AC008935BF /* App */,
				306337D62ABC63B2008935BF /* View */,
				306337D32ABC62EF008935BF /* Data */,
				306337D92ABC63CF008935BF /* Model */,
				306337DA2ABC63D6008935BF /* Extension */,
				306337DB2ABC63DC008935BF /* Utility */,
				306337C12ABC61C6008935BF /* Assets.xcassets */,
				306337C32ABC61C6008935BF /* Preview Content */,
			);
			path = Touchdown;
			sourceTree = "<group>";
		};
		306337C32ABC61C6008935BF /* Preview Content */ = {
			isa = PBXGroup;
			children = (
				306337C42ABC61C6008935BF /* Preview Assets.xcassets */,
			);
			path = "Preview Content";
			sourceTree = "<group>";
		};
		306337D32ABC62EF008935BF /* Data */ = {
			isa = PBXGroup;
			children = (
				306337CD2ABC62CA008935BF /* brand.json */,
				306337CB2ABC62CA008935BF /* category.json */,
				306337CC2ABC62CA008935BF /* player.json */,
				306337CE2ABC62CA008935BF /* product.json */,
			);
			path = Data;
			sourceTree = "<group>";
		};
		306337D52ABC63AC008935BF /* App */ = {
			isa = PBXGroup;
			children = (
				306337BD2ABC61C4008935BF /* TouchdownApp.swift */,
				306337BF2ABC61C4008935BF /* ContentView.swift */,
			);
			path = App;
			sourceTree = "<group>";
		};
		306337D62ABC63B2008935BF /* View */ = {
			isa = PBXGroup;
			children = (
				306337D72ABC63B8008935BF /* Home */,
				306337D82ABC63C2008935BF /* Detail */,
			);
			path = View;
			sourceTree = "<group>";
		};
		306337D72ABC63B8008935BF /* Home */ = {
			isa = PBXGroup;
			children = (
				306337DE2ABC6535008935BF /* FooterView.swift */,
				306337E02ABC68F2008935BF /* NavigationBarView.swift */,
				306337E22ABC6A51008935BF /* LogoView.swift */,
				306337E82ABC729F008935BF /* FeatureItemView.swift */,
				306337EA2ABC731C008935BF /* FeaturedTabView.swift */,
				303426EE2ABC789600376084 /* CategoryItemView.swift */,
				303426F02ABC7A5A00376084 /* CategoryGridView.swift */,
				303426F22ABC7C0000376084 /* SectionView.swift */,
				303426F42ABC7EC400376084 /* TitleView.swift */,
				303426F82ABC802900376084 /* ProductItemView.swift */,
				303426FC2ABC841100376084 /* BrandItemView.swift */,
				303426FE2ABC84C700376084 /* BrandGridView.swift */,
			);
			path = Home;
			sourceTree = "<group>";
		};
		306337D82ABC63C2008935BF /* Detail */ = {
			isa = PBXGroup;
			children = (
			);
			path = Detail;
			sourceTree = "<group>";
		};
		306337D92ABC63CF008935BF /* Model */ = {
			isa = PBXGroup;
			children = (
				306337E42ABC702B008935BF /* PlayerModel.swift */,
				303426EC2ABC776600376084 /* CategoryModel.swift */,
				303426F62ABC7F8800376084 /* ProductModel.swift */,
				303426FA2ABC83BA00376084 /* BrandModel.swift */,
			);
			path = Model;
			sourceTree = "<group>";
		};
		306337DA2ABC63D6008935BF /* Extension */ = {
			isa = PBXGroup;
			children = (
				306337E62ABC7076008935BF /* CodableBundleExtension.swift */,
			);
			path = Extension;
			sourceTree = "<group>";
		};
		306337DB2ABC63DC008935BF /* Utility */ = {
			isa = PBXGroup;
			children = (
				306337DC2ABC643D008935BF /* Constant.swift */,
			);
			path = Utility;
			sourceTree = "<group>";
		};
/* End PBXGroup section */

/* Begin PBXNativeTarget section */
		306337B92ABC61C4008935BF /* Touchdown */ = {
			isa = PBXNativeTarget;
			buildConfigurationList = 306337C82ABC61C6008935BF /* Build configuration list for PBXNativeTarget "Touchdown" */;
			buildPhases = (
				306337B62ABC61C4008935BF /* Sources */,
				306337B72ABC61C4008935BF /* Frameworks */,
				306337B82ABC61C4008935BF /* Resources */,
			);
			buildRules = (
			);
			dependencies = (
			);
			name = Touchdown;
			productName = Touchdown;
			productReference = 306337BA2ABC61C4008935BF /* Touchdown.app */;
			productType = "com.apple.product-type.application";
		};
/* End PBXNativeTarget section */

/* Begin PBXProject section */
		306337B22ABC61C4008935BF /* Project object */ = {
			isa = PBXProject;
			attributes = {
				BuildIndependentTargetsInParallel = 1;
				LastSwiftUpdateCheck = 1430;
				LastUpgradeCheck = 1430;
				TargetAttributes = {
					306337B92ABC61C4008935BF = {
						CreatedOnToolsVersion = 14.3.1;
					};
				};
			};
			buildConfigurationList = 306337B52ABC61C4008935BF /* Build configuration list for PBXProject "Touchdown" */;
			compatibilityVersion = "Xcode 14.0";
			developmentRegion = en;
			hasScannedForEncodings = 0;
			knownRegions = (
				en,
				Base,
			);
			mainGroup = 306337B12ABC61C4008935BF;
			productRefGroup = 306337BB2ABC61C4008935BF /* Products */;
			projectDirPath = "";
			projectRoot = "";
			targets = (
				306337B92ABC61C4008935BF /* Touchdown */,
			);
		};
/* End PBXProject section */

/* Begin PBXResourcesBuildPhase section */
		306337B82ABC61C4008935BF /* Resources */ = {
			isa = PBXResourcesBuildPhase;
			buildActionMask = 2147483647;
			files = (
				306337D02ABC62CA008935BF /* player.json in Resources */,
				306337D12ABC62CA008935BF /* brand.json in Resources */,
				306337CF2ABC62CA008935BF /* category.json in Resources */,
				306337C52ABC61C6008935BF /* Preview Assets.xcassets in Resources */,
				306337C22ABC61C6008935BF /* Assets.xcassets in Resources */,
				306337D22ABC62CA008935BF /* product.json in Resources */,
			);
			runOnlyForDeploymentPostprocessing = 0;
		};
/* End PBXResourcesBuildPhase section */

/* Begin PBXSourcesBuildPhase section */
		306337B62ABC61C4008935BF /* Sources */ = {
			isa = PBXSourcesBuildPhase;
			buildActionMask = 2147483647;
			files = (
				306337E92ABC729F008935BF /* FeatureItemView.swift in Sources */,
				306337EB2ABC731C008935BF /* FeaturedTabView.swift in Sources */,
				306337E72ABC7076008935BF /* CodableBundleExtension.swift in Sources */,
				306337C02ABC61C4008935BF /* ContentView.swift in Sources */,
				306337E32ABC6A51008935BF /* LogoView.swift in Sources */,
				303426F92ABC802900376084 /* ProductItemView.swift in Sources */,
				303426FF2ABC84C700376084 /* BrandGridView.swift in Sources */,
				306337DF2ABC6535008935BF /* FooterView.swift in Sources */,
				306337BE2ABC61C4008935BF /* TouchdownApp.swift in Sources */,
				303426F12ABC7A5A00376084 /* CategoryGridView.swift in Sources */,
				303426ED2ABC776600376084 /* CategoryModel.swift in Sources */,
				306337DD2ABC643D008935BF /* Constant.swift in Sources */,
				303426F32ABC7C0000376084 /* SectionView.swift in Sources */,
				303426FD2ABC841100376084 /* BrandItemView.swift in Sources */,
				303426EF2ABC789600376084 /* CategoryItemView.swift in Sources */,
				306337E12ABC68F2008935BF /* NavigationBarView.swift in Sources */,
				306337E52ABC702B008935BF /* PlayerModel.swift in Sources */,
				303426FB2ABC83BA00376084 /* BrandModel.swift in Sources */,
				303426F52ABC7EC500376084 /* TitleView.swift in Sources */,
				303426F72ABC7F8800376084 /* ProductModel.swift in Sources */,
			);
			runOnlyForDeploymentPostprocessing = 0;
		};
/* End PBXSourcesBuildPhase section */

/* Begin XCBuildConfiguration section */
		306337C62ABC61C6008935BF /* Debug */ = {
			isa = XCBuildConfiguration;
			buildSettings = {
				ALWAYS_SEARCH_USER_PATHS = NO;
				CLANG_ANALYZER_NONNULL = YES;
				CLANG_ANALYZER_NUMBER_OBJECT_CONVERSION = YES_AGGRESSIVE;
				CLANG_CXX_LANGUAGE_STANDARD = "gnu++20";
				CLANG_ENABLE_MODULES = YES;
				CLANG_ENABLE_OBJC_ARC = YES;
				CLANG_ENABLE_OBJC_WEAK = YES;
				CLANG_WARN_BLOCK_CAPTURE_AUTORELEASING = YES;
				CLANG_WARN_BOOL_CONVERSION = YES;
				CLANG_WARN_COMMA = YES;
				CLANG_WARN_CONSTANT_CONVERSION = YES;
				CLANG_WARN_DEPRECATED_OBJC_IMPLEMENTATIONS = YES;
				CLANG_WARN_DIRECT_OBJC_ISA_USAGE = YES_ERROR;
				CLANG_WARN_DOCUMENTATION_COMMENTS = YES;
				CLANG_WARN_EMPTY_BODY = YES;
				CLANG_WARN_ENUM_CONVERSION = YES;
				CLANG_WARN_INFINITE_RECURSION = YES;
				CLANG_WARN_INT_CONVERSION = YES;
				CLANG_WARN_NON_LITERAL_NULL_CONVERSION = YES;
				CLANG_WARN_OBJC_IMPLICIT_RETAIN_SELF = YES;
				CLANG_WARN_OBJC_LITERAL_CONVERSION = YES;
				CLANG_WARN_OBJC_ROOT_CLASS = YES_ERROR;
				CLANG_WARN_QUOTED_INCLUDE_IN_FRAMEWORK_HEADER = YES;
				CLANG_WARN_RANGE_LOOP_ANALYSIS = YES;
				CLANG_WARN_STRICT_PROTOTYPES = YES;
				CLANG_WARN_SUSPICIOUS_MOVE = YES;
				CLANG_WARN_UNGUARDED_AVAILABILITY = YES_AGGRESSIVE;
				CLANG_WARN_UNREACHABLE_CODE = YES;
				CLANG_WARN__DUPLICATE_METHOD_MATCH = YES;
				COPY_PHASE_STRIP = NO;
				DEBUG_INFORMATION_FORMAT = dwarf;
				ENABLE_STRICT_OBJC_MSGSEND = YES;
				ENABLE_TESTABILITY = YES;
				GCC_C_LANGUAGE_STANDARD = gnu11;
				GCC_DYNAMIC_NO_PIC = NO;
				GCC_NO_COMMON_BLOCKS = YES;
				GCC_OPTIMIZATION_LEVEL = 0;
				GCC_PREPROCESSOR_DEFINITIONS = (
					"DEBUG=1",
					"$(inherited)",
				);
				GCC_WARN_64_TO_32_BIT_CONVERSION = YES;
				GCC_WARN_ABOUT_RETURN_TYPE = YES_ERROR;
				GCC_WARN_UNDECLARED_SELECTOR = YES;
				GCC_WARN_UNINITIALIZED_AUTOS = YES_AGGRESSIVE;
				GCC_WARN_UNUSED_FUNCTION = YES;
				GCC_WARN_UNUSED_VARIABLE = YES;
				IPHONEOS_DEPLOYMENT_TARGET = 16.4;
				MTL_ENABLE_DEBUG_INFO = INCLUDE_SOURCE;
				MTL_FAST_MATH = YES;
				ONLY_ACTIVE_ARCH = YES;
				SDKROOT = iphoneos;
				SWIFT_ACTIVE_COMPILATION_CONDITIONS = DEBUG;
				SWIFT_OPTIMIZATION_LEVEL = "-Onone";
			};
			name = Debug;
		};
		306337C72ABC61C6008935BF /* Release */ = {
			isa = XCBuildConfiguration;
			buildSettings = {
				ALWAYS_SEARCH_USER_PATHS = NO;
				CLANG_ANALYZER_NONNULL = YES;
				CLANG_ANALYZER_NUMBER_OBJECT_CONVERSION = YES_AGGRESSIVE;
				CLANG_CXX_LANGUAGE_STANDARD = "gnu++20";
				CLANG_ENABLE_MODULES = YES;
				CLANG_ENABLE_OBJC_ARC = YES;
				CLANG_ENABLE_OBJC_WEAK = YES;
				CLANG_WARN_BLOCK_CAPTURE_AUTORELEASING = YES;
				CLANG_WARN_BOOL_CONVERSION = YES;
				CLANG_WARN_COMMA = YES;
				CLANG_WARN_CONSTANT_CONVERSION = YES;
				CLANG_WARN_DEPRECATED_OBJC_IMPLEMENTATIONS = YES;
				CLANG_WARN_DIRECT_OBJC_ISA_USAGE = YES_ERROR;
				CLANG_WARN_DOCUMENTATION_COMMENTS = YES;
				CLANG_WARN_EMPTY_BODY = YES;
				CLANG_WARN_ENUM_CONVERSION = YES;
				CLANG_WARN_INFINITE_RECURSION = YES;
				CLANG_WARN_INT_CONVERSION = YES;
				CLANG_WARN_NON_LITERAL_NULL_CONVERSION = YES;
				CLANG_WARN_OBJC_IMPLICIT_RETAIN_SELF = YES;
				CLANG_WARN_OBJC_LITERAL_CONVERSION = YES;
				CLANG_WARN_OBJC_ROOT_CLASS = YES_ERROR;
				CLANG_WARN_QUOTED_INCLUDE_IN_FRAMEWORK_HEADER = YES;
				CLANG_WARN_RANGE_LOOP_ANALYSIS = YES;
				CLANG_WARN_STRICT_PROTOTYPES = YES;
				CLANG_WARN_SUSPICIOUS_MOVE = YES;
				CLANG_WARN_UNGUARDED_AVAILABILITY = YES_AGGRESSIVE;
				CLANG_WARN_UNREACHABLE_CODE = YES;
				CLANG_WARN__DUPLICATE_METHOD_MATCH = YES;
				COPY_PHASE_STRIP = NO;
				DEBUG_INFORMATION_FORMAT = "dwarf-with-dsym";
				ENABLE_NS_ASSERTIONS = NO;
				ENABLE_STRICT_OBJC_MSGSEND = YES;
				GCC_C_LANGUAGE_STANDARD = gnu11;
				GCC_NO_COMMON_BLOCKS = YES;
				GCC_WARN_64_TO_32_BIT_CONVERSION = YES;
				GCC_WARN_ABOUT_RETURN_TYPE = YES_ERROR;
				GCC_WARN_UNDECLARED_SELECTOR = YES;
				GCC_WARN_UNINITIALIZED_AUTOS = YES_AGGRESSIVE;
				GCC_WARN_UNUSED_FUNCTION = YES;
				GCC_WARN_UNUSED_VARIABLE = YES;
				IPHONEOS_DEPLOYMENT_TARGET = 16.4;
				MTL_ENABLE_DEBUG_INFO = NO;
				MTL_FAST_MATH = YES;
				SDKROOT = iphoneos;
				SWIFT_COMPILATION_MODE = wholemodule;
				SWIFT_OPTIMIZATION_LEVEL = "-O";
				VALIDATE_PRODUCT = YES;
			};
			name = Release;
		};
		306337C92ABC61C6008935BF /* Debug */ = {
			isa = XCBuildConfiguration;
			buildSettings = {
				ASSETCATALOG_COMPILER_APPICON_NAME = AppIcon;
				ASSETCATALOG_COMPILER_GLOBAL_ACCENT_COLOR_NAME = AccentColor;
				CODE_SIGN_STYLE = Automatic;
				CURRENT_PROJECT_VERSION = 1;
				DEVELOPMENT_ASSET_PATHS = "\"Touchdown/Preview Content\"";
				DEVELOPMENT_TEAM = Y28627RSMM;
				ENABLE_PREVIEWS = YES;
				GENERATE_INFOPLIST_FILE = YES;
				INFOPLIST_FILE = Touchdown/Info.plist;
				INFOPLIST_KEY_UIApplicationSceneManifest_Generation = YES;
				INFOPLIST_KEY_UIApplicationSupportsIndirectInputEvents = YES;
				INFOPLIST_KEY_UISupportedInterfaceOrientations = UIInterfaceOrientationPortrait;
				INFOPLIST_KEY_UIUserInterfaceStyle = Light;
				LD_RUNPATH_SEARCH_PATHS = (
					"$(inherited)",
					"@executable_path/Frameworks",
				);
				MARKETING_VERSION = 1.0;
				PRODUCT_BUNDLE_IDENTIFIER = com.prathap.Touchdown;
				PRODUCT_NAME = "$(TARGET_NAME)";
				SWIFT_EMIT_LOC_STRINGS = YES;
				SWIFT_VERSION = 5.0;
				TARGETED_DEVICE_FAMILY = "1,2";
			};
			name = Debug;
		};
		306337CA2ABC61C6008935BF /* Release */ = {
			isa = XCBuildConfiguration;
			buildSettings = {
				ASSETCATALOG_COMPILER_APPICON_NAME = AppIcon;
				ASSETCATALOG_COMPILER_GLOBAL_ACCENT_COLOR_NAME = AccentColor;
				CODE_SIGN_STYLE = Automatic;
				CURRENT_PROJECT_VERSION = 1;
				DEVELOPMENT_ASSET_PATHS = "\"Touchdown/Preview Content\"";
				DEVELOPMENT_TEAM = Y28627RSMM;
				ENABLE_PREVIEWS = YES;
				GENERATE_INFOPLIST_FILE = YES;
				INFOPLIST_FILE = Touchdown/Info.plist;
				INFOPLIST_KEY_UIApplicationSceneManifest_Generation = YES;
				INFOPLIST_KEY_UIApplicationSupportsIndirectInputEvents = YES;
				INFOPLIST_KEY_UISupportedInterfaceOrientations = UIInterfaceOrientationPortrait;
				INFOPLIST_KEY_UIUserInterfaceStyle = Light;
				LD_RUNPATH_SEARCH_PATHS = (
					"$(inherited)",
					"@executable_path/Frameworks",
				);
				MARKETING_VERSION = 1.0;
				PRODUCT_BUNDLE_IDENTIFIER = com.prathap.Touchdown;
				PRODUCT_NAME = "$(TARGET_NAME)";
				SWIFT_EMIT_LOC_STRINGS = YES;
				SWIFT_VERSION = 5.0;
				TARGETED_DEVICE_FAMILY = "1,2";
			};
			name = Release;
		};
/* End XCBuildConfiguration section */

/* Begin XCConfigurationList section */
		306337B52ABC61C4008935BF /* Build configuration list for PBXProject "Touchdown" */ = {
			isa = XCConfigurationList;
			buildConfigurations = (
				306337C62ABC61C6008935BF /* Debug */,
				306337C72ABC61C6008935BF /* Release */,
			);
			defaultConfigurationIsVisible = 0;
			defaultConfigurationName = Release;
		};
		306337C82ABC61C6008935BF /* Build configuration list for PBXNativeTarget "Touchdown" */ = {
			isa = XCConfigurationList;
			buildConfigurations = (
				306337C92ABC61C6008935BF /* Debug */,
				306337CA2ABC61C6008935BF /* Release */,
			);
			defaultConfigurationIsVisible = 0;
			defaultConfigurationName = Release;
		};
/* End XCConfigurationList section */
	};
	rootObject = 306337B22ABC61C4008935BF /* Project object */;
}
